
Microsoft Visual Studio Solution File, Format Version 12.00
# Visual Studio Version 16
VisualStudioVersion = 16.0.30104.148
MinimumVisualStudioVersion = 10.0.40219.1
Project("{FAE04EC0-301F-11D3-BF4B-00C04F79EFBC}") = "PeopleWithApp", "PeopleWithApp\PeopleWithApp.csproj", "{20BABBB3-AC39-43D4-939F-A3CBC0724668}"
EndProject
Global
	GlobalSection(SolutionConfigurationPlatforms) = preSolution
		Debug|Any CPU = Debug|Any CPU
		Release|Any CPU = Release|Any CPU
	EndGlobalSection
	GlobalSection(ProjectConfigurationPlatforms) = postSolution
		{20BABBB3-AC39-43D4-939F-A3CBC0724668}.Debug|Any CPU.ActiveCfg = Debug|Any CPU
		{20BABBB3-AC39-43D4-939F-A3CBC0724668}.Debug|Any CPU.Build.0 = Debug|Any CPU
		{20BABBB3-AC39-43D4-939F-A3CBC0724668}.Release|Any CPU.ActiveCfg = Release|Any CPU
		{20BABBB3-AC39-43D4-939F-A3CBC0724668}.Release|Any CPU.Build.0 = Release|Any CPU
	EndGlobalSection
	GlobalSection(SolutionProperties) = preSolution
		HideSolutionNode = FALSE
	EndGlobalSection
	GlobalSection(ExtensibilityGlobals) = postSolution
		SolutionGuid = {F112BBD8-792D-4241-A0E6-8BE7803FFC11}
	EndGlobalSection
EndGlobal
